
Microsoft Visual Studio Solution File, Format Version 12.00
# Visual Studio Version 17
VisualStudioVersion = 17.1.32328.378
MinimumVisualStudioVersion = 10.0.40219.1
Project("{9A19103F-16F7-4668-BE54-9A1E7A4F7556}") = "SadRogueTCoddening", "SadRogueTCoddening\SadRogueTCoddening.csproj", "{DAFB8FE4-76D2-4567-95E3-62CD48F392E5}"
EndProject
Global
	GlobalSection(SolutionConfigurationPlatforms) = preSolution
		Debug|Any CPU = Debug|Any CPU
		Release|Any CPU = Release|Any CPU
	EndGlobalSection
	GlobalSection(ProjectConfigurationPlatforms) = postSolution
		{DAFB8FE4-76D2-4567-95E3-62CD48F392E5}.Debug|Any CPU.ActiveCfg = Debug|Any CPU
		{DAFB8FE4-76D2-4567-95E3-62CD48F392E5}.Debug|Any CPU.Build.0 = Debug|Any CPU
		{DAFB8FE4-76D2-4567-95E3-62CD48F392E5}.Release|Any CPU.ActiveCfg = Release|Any CPU
		{DAFB8FE4-76D2-4567-95E3-62CD48F392E5}.Release|Any CPU.Build.0 = Release|Any CPU
	EndGlobalSection
	GlobalSection(SolutionProperties) = preSolution
		HideSolutionNode = FALSE
	EndGlobalSection
	GlobalSection(ExtensibilityGlobals) = postSolution
		SolutionGuid = {E36740B5-FCB3-4276-BC3F-DD4377D6C20F}
	EndGlobalSection
EndGlobal
